
Microsoft Visual Studio Solution File, Format Version 12.00
# Visual Studio 15
VisualStudioVersion = 15.0.28010.2036
MinimumVisualStudioVersion = 10.0.40219.1
Project("{2150E333-8FDC-42A3-9474-1A3956D46DE8}") = "src", "src", "{2C2E0B43-0907-4068-8D91-29FA75CAF7F4}"
EndProject
Project("{2150E333-8FDC-42A3-9474-1A3956D46DE8}") = "test", "test", "{86A85653-FD0D-46AD-9503-17D8D1FD5C98}"
EndProject
Project("{9A19103F-16F7-4668-BE54-9A1E7A4F7556}") = "GoCD_Poc.Api", "src\GoCD_Poc.Api\GoCD_Poc.Api.csproj", "{67B8FEAE-20A0-43D9-9E4A-D89A5327272C}"
EndProject
Project("{9A19103F-16F7-4668-BE54-9A1E7A4F7556}") = "GoCD_Poc.Test", "test\GoCD_Poc.Test\GoCD_Poc.Test.csproj", "{9167193A-E764-47AB-93D2-ED47F8A56364}"
EndProject
Global
	GlobalSection(SolutionConfigurationPlatforms) = preSolution
		Debug|Any CPU = Debug|Any CPU
		Release|Any CPU = Release|Any CPU
	EndGlobalSection
	GlobalSection(ProjectConfigurationPlatforms) = postSolution
		{67B8FEAE-20A0-43D9-9E4A-D89A5327272C}.Debug|Any CPU.ActiveCfg = Debug|Any CPU
		{67B8FEAE-20A0-43D9-9E4A-D89A5327272C}.Debug|Any CPU.Build.0 = Debug|Any CPU
		{67B8FEAE-20A0-43D9-9E4A-D89A5327272C}.Release|Any CPU.ActiveCfg = Release|Any CPU
		{67B8FEAE-20A0-43D9-9E4A-D89A5327272C}.Release|Any CPU.Build.0 = Release|Any CPU
		{9167193A-E764-47AB-93D2-ED47F8A56364}.Debug|Any CPU.ActiveCfg = Debug|Any CPU
		{9167193A-E764-47AB-93D2-ED47F8A56364}.Debug|Any CPU.Build.0 = Debug|Any CPU
		{9167193A-E764-47AB-93D2-ED47F8A56364}.Release|Any CPU.ActiveCfg = Release|Any CPU
		{9167193A-E764-47AB-93D2-ED47F8A56364}.Release|Any CPU.Build.0 = Release|Any CPU
	EndGlobalSection
	GlobalSection(SolutionProperties) = preSolution
		HideSolutionNode = FALSE
	EndGlobalSection
	GlobalSection(NestedProjects) = preSolution
		{67B8FEAE-20A0-43D9-9E4A-D89A5327272C} = {2C2E0B43-0907-4068-8D91-29FA75CAF7F4}
		{9167193A-E764-47AB-93D2-ED47F8A56364} = {86A85653-FD0D-46AD-9503-17D8D1FD5C98}
	EndGlobalSection
	GlobalSection(ExtensibilityGlobals) = postSolution
		SolutionGuid = {99D00AF0-FEF1-4538-B153-65FCB3A20CE8}
	EndGlobalSection
EndGlobal
